
Microsoft Visual Studio Solution File, Format Version 12.00
# Visual Studio Version 16
VisualStudioVersion = 16.0.30503.244
MinimumVisualStudioVersion = 10.0.40219.1
Project("{FAE04EC0-301F-11D3-BF4B-00C04F79EFBC}") = "MeditocTest.Android", "MeditocTest\MeditocTest.Android\MeditocTest.Android.csproj", "{22B4733E-3580-4B39-B824-6387BA6D3F3C}"
EndProject
Project("{FAE04EC0-301F-11D3-BF4B-00C04F79EFBC}") = "MeditocTest.iOS", "MeditocTest\MeditocTest.iOS\MeditocTest.iOS.csproj", "{22C92FD7-505E-4C77-AB1D-2D80C9C46451}"
EndProject
Project("{FAE04EC0-301F-11D3-BF4B-00C04F79EFBC}") = "MeditocTest", "MeditocTest\MeditocTest\MeditocTest.csproj", "{AAD257FC-39BE-4D01-AAB0-FC9C0AA90092}"
EndProject
Global
	GlobalSection(SolutionConfigurationPlatforms) = preSolution
		Debug|Any CPU = Debug|Any CPU
		Debug|iPhone = Debug|iPhone
		Debug|iPhoneSimulator = Debug|iPhoneSimulator
		Release|Any CPU = Release|Any CPU
		Release|iPhone = Release|iPhone
		Release|iPhoneSimulator = Release|iPhoneSimulator
	EndGlobalSection
	GlobalSection(ProjectConfigurationPlatforms) = postSolution
		{22B4733E-3580-4B39-B824-6387BA6D3F3C}.Debug|Any CPU.ActiveCfg = Debug|Any CPU
		{22B4733E-3580-4B39-B824-6387BA6D3F3C}.Debug|Any CPU.Build.0 = Debug|Any CPU
		{22B4733E-3580-4B39-B824-6387BA6D3F3C}.Debug|Any CPU.Deploy.0 = Debug|Any CPU
		{22B4733E-3580-4B39-B824-6387BA6D3F3C}.Debug|iPhone.ActiveCfg = Debug|Any CPU
		{22B4733E-3580-4B39-B824-6387BA6D3F3C}.Debug|iPhone.Build.0 = Debug|Any CPU
		{22B4733E-3580-4B39-B824-6387BA6D3F3C}.Debug|iPhone.Deploy.0 = Debug|Any CPU
		{22B4733E-3580-4B39-B824-6387BA6D3F3C}.Debug|iPhoneSimulator.ActiveCfg = Debug|Any CPU
		{22B4733E-3580-4B39-B824-6387BA6D3F3C}.Debug|iPhoneSimulator.Build.0 = Debug|Any CPU
		{22B4733E-3580-4B39-B824-6387BA6D3F3C}.Debug|iPhoneSimulator.Deploy.0 = Debug|Any CPU
		{22B4733E-3580-4B39-B824-6387BA6D3F3C}.Release|Any CPU.ActiveCfg = Release|Any CPU
		{22B4733E-3580-4B39-B824-6387BA6D3F3C}.Release|Any CPU.Build.0 = Release|Any CPU
		{22B4733E-3580-4B39-B824-6387BA6D3F3C}.Release|Any CPU.Deploy.0 = Release|Any CPU
		{22B4733E-3580-4B39-B824-6387BA6D3F3C}.Release|iPhone.ActiveCfg = Release|Any CPU
		{22B4733E-3580-4B39-B824-6387BA6D3F3C}.Release|iPhone.Build.0 = Release|Any CPU
		{22B4733E-3580-4B39-B824-6387BA6D3F3C}.Release|iPhone.Deploy.0 = Release|Any CPU
		{22B4733E-3580-4B39-B824-6387BA6D3F3C}.Release|iPhoneSimulator.ActiveCfg = Release|Any CPU
		{22B4733E-3580-4B39-B824-6387BA6D3F3C}.Release|iPhoneSimulator.Build.0 = Release|Any CPU
		{22B4733E-3580-4B39-B824-6387BA6D3F3C}.Release|iPhoneSimulator.Deploy.0 = Release|Any CPU
		{22C92FD7-505E-4C77-AB1D-2D80C9C46451}.Debug|Any CPU.ActiveCfg = Debug|iPhone
		{22C92FD7-505E-4C77-AB1D-2D80C9C46451}.Debug|Any CPU.Build.0 = Debug|iPhone
		{22C92FD7-505E-4C77-AB1D-2D80C9C46451}.Debug|Any CPU.Deploy.0 = Debug|iPhone
		{22C92FD7-505E-4C77-AB1D-2D80C9C46451}.Debug|iPhone.ActiveCfg = Debug|iPhone
		{22C92FD7-505E-4C77-AB1D-2D80C9C46451}.Debug|iPhone.Build.0 = Debug|iPhone
		{22C92FD7-505E-4C77-AB1D-2D80C9C46451}.Debug|iPhone.Deploy.0 = Debug|iPhone
		{22C92FD7-505E-4C77-AB1D-2D80C9C46451}.Debug|iPhoneSimulator.ActiveCfg = Debug|iPhoneSimulator
		{22C92FD7-505E-4C77-AB1D-2D80C9C46451}.Debug|iPhoneSimulator.Build.0 = Debug|iPhoneSimulator
		{22C92FD7-505E-4C77-AB1D-2D80C9C46451}.Debug|iPhoneSimulator.Deploy.0 = Debug|iPhoneSimulator
		{22C92FD7-505E-4C77-AB1D-2D80C9C46451}.Release|Any CPU.ActiveCfg = Release|iPhoneSimulator
		{22C92FD7-505E-4C77-AB1D-2D80C9C46451}.Release|Any CPU.Build.0 = Release|iPhoneSimulator
		{22C92FD7-505E-4C77-AB1D-2D80C9C46451}.Release|Any CPU.Deploy.0 = Release|iPhoneSimulator
		{22C92FD7-505E-4C77-AB1D-2D80C9C46451}.Release|iPhone.ActiveCfg = Release|iPhone
		{22C92FD7-505E-4C77-AB1D-2D80C9C46451}.Release|iPhone.Build.0 = Release|iPhone
		{22C92FD7-505E-4C77-AB1D-2D80C9C46451}.Release|iPhone.Deploy.0 = Release|iPhone
		{22C92FD7-505E-4C77-AB1D-2D80C9C46451}.Release|iPhoneSimulator.ActiveCfg = Release|iPhoneSimulator
		{22C92FD7-505E-4C77-AB1D-2D80C9C46451}.Release|iPhoneSimulator.Build.0 = Release|iPhoneSimulator
		{22C92FD7-505E-4C77-AB1D-2D80C9C46451}.Release|iPhoneSimulator.Deploy.0 = Release|iPhoneSimulator
		{AAD257FC-39BE-4D01-AAB0-FC9C0AA90092}.Debug|Any CPU.ActiveCfg = Debug|Any CPU
		{AAD257FC-39BE-4D01-AAB0-FC9C0AA90092}.Debug|Any CPU.Build.0 = Debug|Any CPU
		{AAD257FC-39BE-4D01-AAB0-FC9C0AA90092}.Debug|Any CPU.Deploy.0 = Debug|Any CPU
		{AAD257FC-39BE-4D01-AAB0-FC9C0AA90092}.Debug|iPhone.ActiveCfg = Debug|Any CPU
		{AAD257FC-39BE-4D01-AAB0-FC9C0AA90092}.Debug|iPhone.Build.0 = Debug|Any CPU
		{AAD257FC-39BE-4D01-AAB0-FC9C0AA90092}.Debug|iPhone.Deploy.0 = Debug|Any CPU
		{AAD257FC-39BE-4D01-AAB0-FC9C0AA90092}.Debug|iPhoneSimulator.ActiveCfg = Debug|Any CPU
		{AAD257FC-39BE-4D01-AAB0-FC9C0AA90092}.Debug|iPhoneSimulator.Build.0 = Debug|Any CPU
		{AAD257FC-39BE-4D01-AAB0-FC9C0AA90092}.Debug|iPhoneSimulator.Deploy.0 = Debug|Any CPU
		{AAD257FC-39BE-4D01-AAB0-FC9C0AA90092}.Release|Any CPU.ActiveCfg = Release|Any CPU
		{AAD257FC-39BE-4D01-AAB0-FC9C0AA90092}.Release|Any CPU.Build.0 = Release|Any CPU
		{AAD257FC-39BE-4D01-AAB0-FC9C0AA90092}.Release|Any CPU.Deploy.0 = Release|Any CPU
		{AAD257FC-39BE-4D01-AAB0-FC9C0AA90092}.Release|iPhone.ActiveCfg = Release|Any CPU
		{AAD257FC-39BE-4D01-AAB0-FC9C0AA90092}.Release|iPhone.Build.0 = Release|Any CPU
		{AAD257FC-39BE-4D01-AAB0-FC9C0AA90092}.Release|iPhone.Deploy.0 = Release|Any CPU
		{AAD257FC-39BE-4D01-AAB0-FC9C0AA90092}.Release|iPhoneSimulator.ActiveCfg = Release|Any CPU
		{AAD257FC-39BE-4D01-AAB0-FC9C0AA90092}.Release|iPhoneSimulator.Build.0 = Release|Any CPU
		{AAD257FC-39BE-4D01-AAB0-FC9C0AA90092}.Release|iPhoneSimulator.Deploy.0 = Release|Any CPU
	EndGlobalSection
	GlobalSection(SolutionProperties) = preSolution
		HideSolutionNode = FALSE
	EndGlobalSection
	GlobalSection(ExtensibilityGlobals) = postSolution
		SolutionGuid = {68BFEB3C-E27E-4535-B40F-4F69754D5DEB}
	EndGlobalSection
EndGlobal
